
Microsoft Visual Studio Solution File, Format Version 12.00
# Visual Studio Version 16
VisualStudioVersion = 16.0.34407.143
MinimumVisualStudioVersion = 10.0.40219.1
Project("{FAE04EC0-301F-11D3-BF4B-00C04F79EFBC}") = "ConditionalStatementsChallenge", "ConditionalStatementsChallenge\ConditionalStatementsChallenge.csproj", "{F448F07A-9CFE-4932-8B58-306485BEE809}"
EndProject
Global
	GlobalSection(SolutionConfigurationPlatforms) = preSolution
		Debug|Any CPU = Debug|Any CPU
		Release|Any CPU = Release|Any CPU
	EndGlobalSection
	GlobalSection(ProjectConfigurationPlatforms) = postSolution
		{F448F07A-9CFE-4932-8B58-306485BEE809}.Debug|Any CPU.ActiveCfg = Debug|Any CPU
		{F448F07A-9CFE-4932-8B58-306485BEE809}.Debug|Any CPU.Build.0 = Debug|Any CPU
		{F448F07A-9CFE-4932-8B58-306485BEE809}.Release|Any CPU.ActiveCfg = Release|Any CPU
		{F448F07A-9CFE-4932-8B58-306485BEE809}.Release|Any CPU.Build.0 = Release|Any CPU
	EndGlobalSection
	GlobalSection(SolutionProperties) = preSolution
		HideSolutionNode = FALSE
	EndGlobalSection
	GlobalSection(ExtensibilityGlobals) = postSolution
		SolutionGuid = {B73720D4-CC05-46B5-9E29-076EDDF93141}
	EndGlobalSection
EndGlobal
